
Microsoft Visual Studio Solution File, Format Version 12.00
# Visual Studio Version 17
VisualStudioVersion = 17.14.36408.4 d17.14
MinimumVisualStudioVersion = 10.0.40219.1
Project("{FAE04EC0-301F-11D3-BF4B-00C04F79EFBC}") = "Genpact", "Genpact.csproj", "{74BCD16E-F31C-47E5-BEB9-83A9E48F38A5}"
EndProject
Global
	GlobalSection(SolutionConfigurationPlatforms) = preSolution
		Debug|Any CPU = Debug|Any CPU
		Release|Any CPU = Release|Any CPU
	EndGlobalSection
	GlobalSection(ProjectConfigurationPlatforms) = postSolution
		{74BCD16E-F31C-47E5-BEB9-83A9E48F38A5}.Debug|Any CPU.ActiveCfg = Debug|Any CPU
		{74BCD16E-F31C-47E5-BEB9-83A9E48F38A5}.Debug|Any CPU.Build.0 = Debug|Any CPU
		{74BCD16E-F31C-47E5-BEB9-83A9E48F38A5}.Release|Any CPU.ActiveCfg = Release|Any CPU
		{74BCD16E-F31C-47E5-BEB9-83A9E48F38A5}.Release|Any CPU.Build.0 = Release|Any CPU
	EndGlobalSection
	GlobalSection(SolutionProperties) = preSolution
		HideSolutionNode = FALSE
	EndGlobalSection
	GlobalSection(ExtensibilityGlobals) = postSolution
		SolutionGuid = {BEEE4D9D-385E-4557-817D-6A6D34F1A479}
	EndGlobalSection
EndGlobal
